github.com/koykov/bitset v1.0.0 h1:2mEbAhKelhpdWqnpa+mR3HRhdMsto5od7ACOi6MIAmk=
github.com/koykov/bitset v1.0.0/go.mod h1:DVR3bH49c1oOcNtD38h+aQq7lp1ZY91cXmjOldlTk8A=
github.com/koykov/bytealg v1.0.2 h1:e9le4zkWnK9o1dsjlEtIPjC4JuHof+w0XsyOnYGLOvs=
github.com/koykov/bytealg v1.0.2/go.mod h1:3jLF2zTF1XO+E9dyodNDd3kWyhavUdVUXaIwqPkikB0=
github.com/koykov/byteseq v0.0.0-20230330194259-68973f3b765a h1:2q77e/w+8RE5VwIaR2KwcF4f+PqEemrgOiRA/xhM7S4=
github.com/koykov/byteseq v0.0.0-20230330194259-68973f3b765a/go.mod h1:JlIJ6P3/ocuGNRbTVyP0NVRS/ExofhOS8g7mtefjefw=
github.com/koykov/clock v1.1.1 h1:vbaTsTfXwxCZpndX2IOLwizrPILGpFREQx12lIQ9MMo=
github.com/koykov/clock v1.1.1/go.mod h1:Y6vE10bSMNpHXuOmq6+cYLsplOMDc/YSC2IMxDmCzVE=
github.com/koykov/fastconv v1.0.2 h1:csOWpctD9OcpkfI07LEtqtolc4TT8Y6QG3zQvkTmhrQ=
github.com/koykov/fastconv v1.0.2/go.mod h1:9jOx5KRGe4UKHxGiDw5Yrp/qrqn2cRwH3xvFjqqCE3c=
github.com/koykov/policy v1.0.0 h1:xETNBdxGA74BRJcRtr7Yf/Gjr5LtyzlAWIquJiRc+kU=
github.com/koykov/policy v1.0.0/go.mod h1:Qng5vXKz7VFYfpVoBDjIhNnNSUdWWCBeGs95USCuSU4=
github.com/koykov/queue v1.1.4 h1:jEQvKxshxq23E63989PQ4xSpVggGCeSmpfI/yR2NViA=
github.com/koykov/queue v1.1.4/go.mod h1:Rdb8UVBsJ8Vm2YpNMc6/T3GC33tXrwth9oNvaLt5E/E=
