github.com/koykov/bitset v0.0.0-20220630192021-a713ee0d389d/go.mod h1:Mg0YlEO6vG0Vd2N5qZhyH1ss2ZuuMZR8iYNKshQcm6I=
github.com/koykov/bitset v1.0.0 h1:2mEbAhKelhpdWqnpa+mR3HRhdMsto5od7ACOi6MIAmk=
github.com/koykov/bitset v1.0.0/go.mod h1:DVR3bH49c1oOcNtD38h+aQq7lp1ZY91cXmjOldlTk8A=
github.com/koykov/bytealg v1.0.1 h1:WlD9/4PMThmfQuIRVpVCujzM/3AVTEwlgvaYrErO9Nk=
github.com/koykov/bytealg v1.0.1/go.mod h1:kMvejxwPkAt7YfHpB1PQ/utMwKpHSY54u1rCxna6Wvg=
github.com/koykov/clock v1.1.0 h1:k3av4lpO9IveCgprIO14rMJkDikv8DhdltE9lIKCAPU=
github.com/koykov/clock v1.1.0/go.mod h1:gVsfsN9KVyybyFdo8L6wMaba/MjqQv+i0pvG6mtQcwk=
github.com/koykov/fastconv v1.0.0 h1:WnsCYcrrQkUWEKK4VbVX7BuGb6jFhE8Q0Ebl3eAkHic=
github.com/koykov/fastconv v1.0.0/go.mod h1:Y7I12pumAx+2iH1Yh0X85UpywP7IET/+M7S17toJBes=
github.com/koykov/policy v1.0.0 h1:xETNBdxGA74BRJcRtr7Yf/Gjr5LtyzlAWIquJiRc+kU=
github.com/koykov/policy v1.0.0/go.mod h1:Qng5vXKz7VFYfpVoBDjIhNnNSUdWWCBeGs95USCuSU4=
github.com/koykov/queue v0.0.0-20221102221156-36462a3ba28f h1:t+P4iMByHUpkkjLU14ckzIGA3iNnJDcRnKSYeDwc7T8=
github.com/koykov/queue v0.0.0-20221102221156-36462a3ba28f/go.mod h1:LWBli+ArnYiOtPv3OV6husgjTuG7hlFXWuTmj2g9ffo=
